
Microsoft Visual Studio Solution File, Format Version 12.00
# Visual Studio 2013
VisualStudioVersion = 12.0.30723.0
MinimumVisualStudioVersion = 10.0.40219.1
Project("{FAE04EC0-301F-11D3-BF4B-00C04F79EFBC}") = "BlogCentralVersion2", "BlogCentralVersion2\BlogCentralVersion2.csproj", "{454B8A71-113E-4E46-BB61-DB6BDD13A431}"
EndProject
Project("{FAE04EC0-301F-11D3-BF4B-00C04F79EFBC}") = "BlogCentralVersion2.Tests", "BlogCentralVersion2.Tests\BlogCentralVersion2.Tests.csproj", "{D01A977B-AF68-40DD-8FA9-3BB555AB84B4}"
EndProject
Global
	GlobalSection(SolutionConfigurationPlatforms) = preSolution
		Debug|Any CPU = Debug|Any CPU
		Release|Any CPU = Release|Any CPU
	EndGlobalSection
	GlobalSection(ProjectConfigurationPlatforms) = postSolution
		{454B8A71-113E-4E46-BB61-DB6BDD13A431}.Debug|Any CPU.ActiveCfg = Debug|Any CPU
		{454B8A71-113E-4E46-BB61-DB6BDD13A431}.Debug|Any CPU.Build.0 = Debug|Any CPU
		{454B8A71-113E-4E46-BB61-DB6BDD13A431}.Release|Any CPU.ActiveCfg = Release|Any CPU
		{454B8A71-113E-4E46-BB61-DB6BDD13A431}.Release|Any CPU.Build.0 = Release|Any CPU
		{D01A977B-AF68-40DD-8FA9-3BB555AB84B4}.Debug|Any CPU.ActiveCfg = Debug|Any CPU
		{D01A977B-AF68-40DD-8FA9-3BB555AB84B4}.Debug|Any CPU.Build.0 = Debug|Any CPU
		{D01A977B-AF68-40DD-8FA9-3BB555AB84B4}.Release|Any CPU.ActiveCfg = Release|Any CPU
		{D01A977B-AF68-40DD-8FA9-3BB555AB84B4}.Release|Any CPU.Build.0 = Release|Any CPU
	EndGlobalSection
	GlobalSection(SolutionProperties) = preSolution
		HideSolutionNode = FALSE
	EndGlobalSection
EndGlobal
